{
  "name": "indecision-app",
  "version": "1.0.0",
  "lockfileVersion": 1,
  "requires": true,
  "dependencies": {
    "is-empty-object": {
      "version": "1.1.1",
      "resolved": "https://registry.npmjs.org/is-empty-object/-/is-empty-object-1.1.1.tgz",
      "integrity": "sha1-htXU1cUinOox7Cdy9Si/XvxRnyM="
    }
  }
}
